
Microsoft Visual Studio Solution File, Format Version 12.00
Project("{FAE04EC0-301F-11D3-BF4B-00C04F79EFBC}") = "SchoolManager.API", "SchoolManager.API\SchoolManager.API.csproj", "{A285EFBE-B971-46DA-926B-4B6A9BB5A978}"
EndProject
Project("{FAE04EC0-301F-11D3-BF4B-00C04F79EFBC}") = "SchoolManager.Domain", "SchoolManager.Domain\SchoolManager.Domain.csproj", "{548F4316-48F0-4184-9561-A3BDC5456F20}"
EndProject
Project("{FAE04EC0-301F-11D3-BF4B-00C04F79EFBC}") = "SchoolManager.Application", "SchoolManager.Application\SchoolManager.Application.csproj", "{2352E366-3A49-4D12-B610-8F3548629BA1}"
EndProject
Project("{FAE04EC0-301F-11D3-BF4B-00C04F79EFBC}") = "SchoolManager.Infrastructure", "SchoolManager.Infrastructure\SchoolManager.Infrastructure.csproj", "{02A978EC-30B6-4E2E-A27B-DAF9FE95EBFD}"
EndProject
Global
	GlobalSection(SolutionConfigurationPlatforms) = preSolution
		Debug|Any CPU = Debug|Any CPU
		Debug|x64 = Debug|x64
		Debug|x86 = Debug|x86
		Release|Any CPU = Release|Any CPU
		Release|x64 = Release|x64
		Release|x86 = Release|x86
	EndGlobalSection
	GlobalSection(ProjectConfigurationPlatforms) = postSolution
		{A285EFBE-B971-46DA-926B-4B6A9BB5A978}.Debug|Any CPU.ActiveCfg = Debug|Any CPU
		{A285EFBE-B971-46DA-926B-4B6A9BB5A978}.Debug|Any CPU.Build.0 = Debug|Any CPU
		{A285EFBE-B971-46DA-926B-4B6A9BB5A978}.Debug|x64.ActiveCfg = Debug|Any CPU
		{A285EFBE-B971-46DA-926B-4B6A9BB5A978}.Debug|x64.Build.0 = Debug|Any CPU
		{A285EFBE-B971-46DA-926B-4B6A9BB5A978}.Debug|x86.ActiveCfg = Debug|Any CPU
		{A285EFBE-B971-46DA-926B-4B6A9BB5A978}.Debug|x86.Build.0 = Debug|Any CPU
		{A285EFBE-B971-46DA-926B-4B6A9BB5A978}.Release|Any CPU.ActiveCfg = Release|Any CPU
		{A285EFBE-B971-46DA-926B-4B6A9BB5A978}.Release|Any CPU.Build.0 = Release|Any CPU
		{A285EFBE-B971-46DA-926B-4B6A9BB5A978}.Release|x64.ActiveCfg = Release|Any CPU
		{A285EFBE-B971-46DA-926B-4B6A9BB5A978}.Release|x64.Build.0 = Release|Any CPU
		{A285EFBE-B971-46DA-926B-4B6A9BB5A978}.Release|x86.ActiveCfg = Release|Any CPU
		{A285EFBE-B971-46DA-926B-4B6A9BB5A978}.Release|x86.Build.0 = Release|Any CPU
		{548F4316-48F0-4184-9561-A3BDC5456F20}.Debug|Any CPU.ActiveCfg = Debug|Any CPU
		{548F4316-48F0-4184-9561-A3BDC5456F20}.Debug|Any CPU.Build.0 = Debug|Any CPU
		{548F4316-48F0-4184-9561-A3BDC5456F20}.Debug|x64.ActiveCfg = Debug|Any CPU
		{548F4316-48F0-4184-9561-A3BDC5456F20}.Debug|x64.Build.0 = Debug|Any CPU
		{548F4316-48F0-4184-9561-A3BDC5456F20}.Debug|x86.ActiveCfg = Debug|Any CPU
		{548F4316-48F0-4184-9561-A3BDC5456F20}.Debug|x86.Build.0 = Debug|Any CPU
		{548F4316-48F0-4184-9561-A3BDC5456F20}.Release|Any CPU.ActiveCfg = Release|Any CPU
		{548F4316-48F0-4184-9561-A3BDC5456F20}.Release|Any CPU.Build.0 = Release|Any CPU
		{548F4316-48F0-4184-9561-A3BDC5456F20}.Release|x64.ActiveCfg = Release|Any CPU
		{548F4316-48F0-4184-9561-A3BDC5456F20}.Release|x64.Build.0 = Release|Any CPU
		{548F4316-48F0-4184-9561-A3BDC5456F20}.Release|x86.ActiveCfg = Release|Any CPU
		{548F4316-48F0-4184-9561-A3BDC5456F20}.Release|x86.Build.0 = Release|Any CPU
		{2352E366-3A49-4D12-B610-8F3548629BA1}.Debug|Any CPU.ActiveCfg = Debug|Any CPU
		{2352E366-3A49-4D12-B610-8F3548629BA1}.Debug|Any CPU.Build.0 = Debug|Any CPU
		{2352E366-3A49-4D12-B610-8F3548629BA1}.Debug|x64.ActiveCfg = Debug|Any CPU
		{2352E366-3A49-4D12-B610-8F3548629BA1}.Debug|x64.Build.0 = Debug|Any CPU
		{2352E366-3A49-4D12-B610-8F3548629BA1}.Debug|x86.ActiveCfg = Debug|Any CPU
		{2352E366-3A49-4D12-B610-8F3548629BA1}.Debug|x86.Build.0 = Debug|Any CPU
		{2352E366-3A49-4D12-B610-8F3548629BA1}.Release|Any CPU.ActiveCfg = Release|Any CPU
		{2352E366-3A49-4D12-B610-8F3548629BA1}.Release|Any CPU.Build.0 = Release|Any CPU
		{2352E366-3A49-4D12-B610-8F3548629BA1}.Release|x64.ActiveCfg = Release|Any CPU
		{2352E366-3A49-4D12-B610-8F3548629BA1}.Release|x64.Build.0 = Release|Any CPU
		{2352E366-3A49-4D12-B610-8F3548629BA1}.Release|x86.ActiveCfg = Release|Any CPU
		{2352E366-3A49-4D12-B610-8F3548629BA1}.Release|x86.Build.0 = Release|Any CPU
		{02A978EC-30B6-4E2E-A27B-DAF9FE95EBFD}.Debug|Any CPU.ActiveCfg = Debug|Any CPU
		{02A978EC-30B6-4E2E-A27B-DAF9FE95EBFD}.Debug|Any CPU.Build.0 = Debug|Any CPU
		{02A978EC-30B6-4E2E-A27B-DAF9FE95EBFD}.Debug|x64.ActiveCfg = Debug|Any CPU
		{02A978EC-30B6-4E2E-A27B-DAF9FE95EBFD}.Debug|x64.Build.0 = Debug|Any CPU
		{02A978EC-30B6-4E2E-A27B-DAF9FE95EBFD}.Debug|x86.ActiveCfg = Debug|Any CPU
		{02A978EC-30B6-4E2E-A27B-DAF9FE95EBFD}.Debug|x86.Build.0 = Debug|Any CPU
		{02A978EC-30B6-4E2E-A27B-DAF9FE95EBFD}.Release|Any CPU.ActiveCfg = Release|Any CPU
		{02A978EC-30B6-4E2E-A27B-DAF9FE95EBFD}.Release|Any CPU.Build.0 = Release|Any CPU
		{02A978EC-30B6-4E2E-A27B-DAF9FE95EBFD}.Release|x64.ActiveCfg = Release|Any CPU
		{02A978EC-30B6-4E2E-A27B-DAF9FE95EBFD}.Release|x64.Build.0 = Release|Any CPU
		{02A978EC-30B6-4E2E-A27B-DAF9FE95EBFD}.Release|x86.ActiveCfg = Release|Any CPU
		{02A978EC-30B6-4E2E-A27B-DAF9FE95EBFD}.Release|x86.Build.0 = Release|Any CPU
	EndGlobalSection
	GlobalSection(SolutionProperties) = preSolution
		HideSolutionNode = FALSE
	EndGlobalSection
EndGlobal
